
Microsoft Visual Studio Solution File, Format Version 12.00
# Visual Studio Version 17
VisualStudioVersion = 17.5.002.0
MinimumVisualStudioVersion = 10.0.40219.1
Project("{9A19103F-16F7-4668-BE54-9A1E7A4F7556}") = "Calendar", "Calendar.csproj", "{EF8EF458-3302-481A-BAF9-11B7B6B4301E}"
EndProject
Global
	GlobalSection(SolutionConfigurationPlatforms) = preSolution
		Debug|Any CPU = Debug|Any CPU
		Release|Any CPU = Release|Any CPU
	EndGlobalSection
	GlobalSection(ProjectConfigurationPlatforms) = postSolution
		{EF8EF458-3302-481A-BAF9-11B7B6B4301E}.Debug|Any CPU.ActiveCfg = Debug|Any CPU
		{EF8EF458-3302-481A-BAF9-11B7B6B4301E}.Debug|Any CPU.Build.0 = Debug|Any CPU
		{EF8EF458-3302-481A-BAF9-11B7B6B4301E}.Release|Any CPU.ActiveCfg = Release|Any CPU
		{EF8EF458-3302-481A-BAF9-11B7B6B4301E}.Release|Any CPU.Build.0 = Release|Any CPU
	EndGlobalSection
	GlobalSection(SolutionProperties) = preSolution
		HideSolutionNode = FALSE
	EndGlobalSection
	GlobalSection(ExtensibilityGlobals) = postSolution
		SolutionGuid = {8100B994-71C2-43FA-97B0-45D7B54CDD21}
	EndGlobalSection
EndGlobal
